// !$*UTF8*$!
{
	archiveVersion = 1;
	classes = {
	};
	objectVersion = 55;
	objects = {

/* Begin PBXBuildFile section */
		D8B946FD27C7939800C7D86B /* AppDelegate.swift in Sources */ = {isa = PBXBuildFile; fileRef = D8B946FC27C7939800C7D86B /* AppDelegate.swift */; };
		D8B9470127C7939800C7D86B /* NotesListViewController.swift in Sources */ = {isa = PBXBuildFile; fileRef = D8B9470027C7939800C7D86B /* NotesListViewController.swift */; };
		D8B9470727C7939800C7D86B /* NotesTestApp.xcdatamodeld in Sources */ = {isa = PBXBuildFile; fileRef = D8B9470527C7939800C7D86B /* NotesTestApp.xcdatamodeld */; };
		D8B9470927C7939900C7D86B /* Assets.xcassets in Resources */ = {isa = PBXBuildFile; fileRef = D8B9470827C7939900C7D86B /* Assets.xcassets */; };
		D8B9470C27C7939900C7D86B /* LaunchScreen.storyboard in Resources */ = {isa = PBXBuildFile; fileRef = D8B9470A27C7939900C7D86B /* LaunchScreen.storyboard */; };
		D8B9471727C79FBF00C7D86B /* SingleNoteViewController.swift in Sources */ = {isa = PBXBuildFile; fileRef = D8B9471627C79FBF00C7D86B /* SingleNoteViewController.swift */; };
		D8B9471B27C7E3E800C7D86B /* CoreDataManager.swift in Sources */ = {isa = PBXBuildFile; fileRef = D8B9471A27C7E3E800C7D86B /* CoreDataManager.swift */; };
/* End PBXBuildFile section */

/* Begin PBXFileReference section */
		D8B946F927C7939800C7D86B /* NotesTestApp.app */ = {isa = PBXFileReference; explicitFileType = wrapper.application; includeInIndex = 0; path = NotesTestApp.app; sourceTree = BUILT_PRODUCTS_DIR; };
		D8B946FC27C7939800C7D86B /* AppDelegate.swift */ = {isa = PBXFileReference; lastKnownFileType = sourcecode.swift; path = AppDelegate.swift; sourceTree = "<group>"; };
		D8B9470027C7939800C7D86B /* NotesListViewController.swift */ = {isa = PBXFileReference; lastKnownFileType = sourcecode.swift; path = NotesListViewController.swift; sourceTree = "<group>"; };
		D8B9470627C7939800C7D86B /* NotesTestApp.xcdatamodel */ = {isa = PBXFileReference; lastKnownFileType = wrapper.xcdatamodel; path = NotesTestApp.xcdatamodel; sourceTree = "<group>"; };
		D8B9470827C7939900C7D86B /* Assets.xcassets */ = {isa = PBXFileReference; lastKnownFileType = folder.assetcatalog; path = Assets.xcassets; sourceTree = "<group>"; };
		D8B9470B27C7939900C7D86B /* Base */ = {isa = PBXFileReference; lastKnownFileType = file.storyboard; name = Base; path = Base.lproj/LaunchScreen.storyboard; sourceTree = "<group>"; };
		D8B9470D27C7939900C7D86B /* Info.plist */ = {isa = PBXFileReference; lastKnownFileType = text.plist.xml; path = Info.plist; sourceTree = "<group>"; };
		D8B9471627C79FBF00C7D86B /* SingleNoteViewController.swift */ = {isa = PBXFileReference; lastKnownFileType = sourcecode.swift; path = SingleNoteViewController.swift; sourceTree = "<group>"; };
		D8B9471A27C7E3E800C7D86B /* CoreDataManager.swift */ = {isa = PBXFileReference; lastKnownFileType = sourcecode.swift; path = CoreDataManager.swift; sourceTree = "<group>"; };
/* End PBXFileReference section */

/* Begin PBXFrameworksBuildPhase section */
		D8B946F627C7939800C7D86B /* Frameworks */ = {
			isa = PBXFrameworksBuildPhase;
			buildActionMask = 2147483647;
			files = (
			);
			runOnlyForDeploymentPostprocessing = 0;
		};
/* End PBXFrameworksBuildPhase section */

/* Begin PBXGroup section */
		D8B946F027C7939800C7D86B = {
			isa = PBXGroup;
			children = (
				D8B946FB27C7939800C7D86B /* NotesTestApp */,
				D8B946FA27C7939800C7D86B /* Products */,
			);
			sourceTree = "<group>";
		};
		D8B946FA27C7939800C7D86B /* Products */ = {
			isa = PBXGroup;
			children = (
				D8B946F927C7939800C7D86B /* NotesTestApp.app */,
			);
			name = Products;
			sourceTree = "<group>";
		};
		D8B946FB27C7939800C7D86B /* NotesTestApp */ = {
			isa = PBXGroup;
			children = (
				D8B9471927C7E3D500C7D86B /* Services */,
				D8B9471427C7944500C7D86B /* App */,
				D8B9471527C7946B00C7D86B /* ViewControllers */,
				D8B9471327C7943400C7D86B /* Resources */,
			);
			path = NotesTestApp;
			sourceTree = "<group>";
		};
		D8B9471327C7943400C7D86B /* Resources */ = {
			isa = PBXGroup;
			children = (
				D8B9470827C7939900C7D86B /* Assets.xcassets */,
				D8B9470527C7939800C7D86B /* NotesTestApp.xcdatamodeld */,
			);
			path = Resources;
			sourceTree = "<group>";
		};
		D8B9471427C7944500C7D86B /* App */ = {
			isa = PBXGroup;
			children = (
				D8B946FC27C7939800C7D86B /* AppDelegate.swift */,
				D8B9470A27C7939900C7D86B /* LaunchScreen.storyboard */,
				D8B9470D27C7939900C7D86B /* Info.plist */,
			);
			path = App;
			sourceTree = "<group>";
		};
		D8B9471527C7946B00C7D86B /* ViewControllers */ = {
			isa = PBXGroup;
			children = (
				D8B9470027C7939800C7D86B /* NotesListViewController.swift */,
				D8B9471627C79FBF00C7D86B /* SingleNoteViewController.swift */,
			);
			path = ViewControllers;
			sourceTree = "<group>";
		};
		D8B9471927C7E3D500C7D86B /* Services */ = {
			isa = PBXGroup;
			children = (
				D8B9471A27C7E3E800C7D86B /* CoreDataManager.swift */,
			);
			path = Services;
			sourceTree = "<group>";
		};
/* End PBXGroup section */

/* Begin PBXNativeTarget section */
		D8B946F827C7939800C7D86B /* NotesTestApp */ = {
			isa = PBXNativeTarget;
			buildConfigurationList = D8B9471027C7939900C7D86B /* Build configuration list for PBXNativeTarget "NotesTestApp" */;
			buildPhases = (
				D8B946F527C7939800C7D86B /* Sources */,
				D8B946F627C7939800C7D86B /* Frameworks */,
				D8B946F727C7939800C7D86B /* Resources */,
			);
			buildRules = (
			);
			dependencies = (
			);
			name = NotesTestApp;
			productName = NotesTestApp;
			productReference = D8B946F927C7939800C7D86B /* NotesTestApp.app */;
			productType = "com.apple.product-type.application";
		};
/* End PBXNativeTarget section */

/* Begin PBXProject section */
		D8B946F127C7939800C7D86B /* Project object */ = {
			isa = PBXProject;
			attributes = {
				BuildIndependentTargetsInParallel = 1;
				LastSwiftUpdateCheck = 1320;
				LastUpgradeCheck = 1320;
				TargetAttributes = {
					D8B946F827C7939800C7D86B = {
						CreatedOnToolsVersion = 13.2.1;
					};
				};
			};
			buildConfigurationList = D8B946F427C7939800C7D86B /* Build configuration list for PBXProject "NotesTestApp" */;
			compatibilityVersion = "Xcode 13.0";
			developmentRegion = en;
			hasScannedForEncodings = 0;
			knownRegions = (
				en,
				Base,
			);
			mainGroup = D8B946F027C7939800C7D86B;
			productRefGroup = D8B946FA27C7939800C7D86B /* Products */;
			projectDirPath = "";
			projectRoot = "";
			targets = (
				D8B946F827C7939800C7D86B /* NotesTestApp */,
			);
		};
/* End PBXProject section */

/* Begin PBXResourcesBuildPhase section */
		D8B946F727C7939800C7D86B /* Resources */ = {
			isa = PBXResourcesBuildPhase;
			buildActionMask = 2147483647;
			files = (
				D8B9470C27C7939900C7D86B /* LaunchScreen.storyboard in Resources */,
				D8B9470927C7939900C7D86B /* Assets.xcassets in Resources */,
			);
			runOnlyForDeploymentPostprocessing = 0;
		};
/* End PBXResourcesBuildPhase section */

/* Begin PBXSourcesBuildPhase section */
		D8B946F527C7939800C7D86B /* Sources */ = {
			isa = PBXSourcesBuildPhase;
			buildActionMask = 2147483647;
			files = (
				D8B9470127C7939800C7D86B /* NotesListViewController.swift in Sources */,
				D8B946FD27C7939800C7D86B /* AppDelegate.swift in Sources */,
				D8B9471B27C7E3E800C7D86B /* CoreDataManager.swift in Sources */,
				D8B9471727C79FBF00C7D86B /* SingleNoteViewController.swift in Sources */,
				D8B9470727C7939800C7D86B /* NotesTestApp.xcdatamodeld in Sources */,
			);
			runOnlyForDeploymentPostprocessing = 0;
		};
/* End PBXSourcesBuildPhase section */

/* Begin PBXVariantGroup section */
		D8B9470A27C7939900C7D86B /* LaunchScreen.storyboard */ = {
			isa = PBXVariantGroup;
			children = (
				D8B9470B27C7939900C7D86B /* Base */,
			);
			name = LaunchScreen.storyboard;
			sourceTree = "<group>";
		};
/* End PBXVariantGroup section */

/* Begin XCBuildConfiguration section */
		D8B9470E27C7939900C7D86B /* Debug */ = {
			isa = XCBuildConfiguration;
			buildSettings = {
				ALWAYS_SEARCH_USER_PATHS = NO;
				CLANG_ANALYZER_NONNULL = YES;
				CLANG_ANALYZER_NUMBER_OBJECT_CONVERSION = YES_AGGRESSIVE;
				CLANG_CXX_LANGUAGE_STANDARD = "gnu++17";
				CLANG_CXX_LIBRARY = "libc++";
				CLANG_ENABLE_MODULES = YES;
				CLANG_ENABLE_OBJC_ARC = YES;
				CLANG_ENABLE_OBJC_WEAK = YES;
				CLANG_WARN_BLOCK_CAPTURE_AUTORELEASING = YES;
				CLANG_WARN_BOOL_CONVERSION = YES;
				CLANG_WARN_COMMA = YES;
				CLANG_WARN_CONSTANT_CONVERSION = YES;
				CLANG_WARN_DEPRECATED_OBJC_IMPLEMENTATIONS = YES;
				CLANG_WARN_DIRECT_OBJC_ISA_USAGE = YES_ERROR;
				CLANG_WARN_DOCUMENTATION_COMMENTS = YES;
				CLANG_WARN_EMPTY_BODY = YES;
				CLANG_WARN_ENUM_CONVERSION = YES;
				CLANG_WARN_INFINITE_RECURSION = YES;
				CLANG_WARN_INT_CONVERSION = YES;
				CLANG_WARN_NON_LITERAL_NULL_CONVERSION = YES;
				CLANG_WARN_OBJC_IMPLICIT_RETAIN_SELF = YES;
				CLANG_WARN_OBJC_LITERAL_CONVERSION = YES;
				CLANG_WARN_OBJC_ROOT_CLASS = YES_ERROR;
				CLANG_WARN_QUOTED_INCLUDE_IN_FRAMEWORK_HEADER = YES;
				CLANG_WARN_RANGE_LOOP_ANALYSIS = YES;
				CLANG_WARN_STRICT_PROTOTYPES = YES;
				CLANG_WARN_SUSPICIOUS_MOVE = YES;
				CLANG_WARN_UNGUARDED_AVAILABILITY = YES_AGGRESSIVE;
				CLANG_WARN_UNREACHABLE_CODE = YES;
				CLANG_WARN__DUPLICATE_METHOD_MATCH = YES;
				COPY_PHASE_STRIP = NO;
				DEBUG_INFORMATION_FORMAT = dwarf;
				ENABLE_STRICT_OBJC_MSGSEND = YES;
				ENABLE_TESTABILITY = YES;
				GCC_C_LANGUAGE_STANDARD = gnu11;
				GCC_DYNAMIC_NO_PIC = NO;
				GCC_NO_COMMON_BLOCKS = YES;
				GCC_OPTIMIZATION_LEVEL = 0;
				GCC_PREPROCESSOR_DEFINITIONS = (
					"DEBUG=1",
					"$(inherited)",
				);
				GCC_WARN_64_TO_32_BIT_CONVERSION = YES;
				GCC_WARN_ABOUT_RETURN_TYPE = YES_ERROR;
				GCC_WARN_UNDECLARED_SELECTOR = YES;
				GCC_WARN_UNINITIALIZED_AUTOS = YES_AGGRESSIVE;
				GCC_WARN_UNUSED_FUNCTION = YES;
				GCC_WARN_UNUSED_VARIABLE = YES;
				IPHONEOS_DEPLOYMENT_TARGET = 15.2;
				MTL_ENABLE_DEBUG_INFO = INCLUDE_SOURCE;
				MTL_FAST_MATH = YES;
				ONLY_ACTIVE_ARCH = YES;
				SDKROOT = iphoneos;
				SWIFT_ACTIVE_COMPILATION_CONDITIONS = DEBUG;
				SWIFT_OPTIMIZATION_LEVEL = "-Onone";
			};
			name = Debug;
		};
		D8B9470F27C7939900C7D86B /* Release */ = {
			isa = XCBuildConfiguration;
			buildSettings = {
				ALWAYS_SEARCH_USER_PATHS = NO;
				CLANG_ANALYZER_NONNULL = YES;
				CLANG_ANALYZER_NUMBER_OBJECT_CONVERSION = YES_AGGRESSIVE;
				CLANG_CXX_LANGUAGE_STANDARD = "gnu++17";
				CLANG_CXX_LIBRARY = "libc++";
				CLANG_ENABLE_MODULES = YES;
				CLANG_ENABLE_OBJC_ARC = YES;
				CLANG_ENABLE_OBJC_WEAK = YES;
				CLANG_WARN_BLOCK_CAPTURE_AUTORELEASING = YES;
				CLANG_WARN_BOOL_CONVERSION = YES;
				CLANG_WARN_COMMA = YES;
				CLANG_WARN_CONSTANT_CONVERSION = YES;
				CLANG_WARN_DEPRECATED_OBJC_IMPLEMENTATIONS = YES;
				CLANG_WARN_DIRECT_OBJC_ISA_USAGE = YES_ERROR;
				CLANG_WARN_DOCUMENTATION_COMMENTS = YES;
				CLANG_WARN_EMPTY_BODY = YES;
				CLANG_WARN_ENUM_CONVERSION = YES;
				CLANG_WARN_INFINITE_RECURSION = YES;
				CLANG_WARN_INT_CONVERSION = YES;
				CLANG_WARN_NON_LITERAL_NULL_CONVERSION = YES;
				CLANG_WARN_OBJC_IMPLICIT_RETAIN_SELF = YES;
				CLANG_WARN_OBJC_LITERAL_CONVERSION = YES;
				CLANG_WARN_OBJC_ROOT_CLASS = YES_ERROR;
				CLANG_WARN_QUOTED_INCLUDE_IN_FRAMEWORK_HEADER = YES;
				CLANG_WARN_RANGE_LOOP_ANALYSIS = YES;
				CLANG_WARN_STRICT_PROTOTYPES = YES;
				CLANG_WARN_SUSPICIOUS_MOVE = YES;
				CLANG_WARN_UNGUARDED_AVAILABILITY = YES_AGGRESSIVE;
				CLANG_WARN_UNREACHABLE_CODE = YES;
				CLANG_WARN__DUPLICATE_METHOD_MATCH = YES;
				COPY_PHASE_STRIP = NO;
				DEBUG_INFORMATION_FORMAT = "dwarf-with-dsym";
				ENABLE_NS_ASSERTIONS = NO;
				ENABLE_STRICT_OBJC_MSGSEND = YES;
				GCC_C_LANGUAGE_STANDARD = gnu11;
				GCC_NO_COMMON_BLOCKS = YES;
				GCC_WARN_64_TO_32_BIT_CONVERSION = YES;
				GCC_WARN_ABOUT_RETURN_TYPE = YES_ERROR;
				GCC_WARN_UNDECLARED_SELECTOR = YES;
				GCC_WARN_UNINITIALIZED_AUTOS = YES_AGGRESSIVE;
				GCC_WARN_UNUSED_FUNCTION = YES;
				GCC_WARN_UNUSED_VARIABLE = YES;
				IPHONEOS_DEPLOYMENT_TARGET = 15.2;
				MTL_ENABLE_DEBUG_INFO = NO;
				MTL_FAST_MATH = YES;
				SDKROOT = iphoneos;
				SWIFT_COMPILATION_MODE = wholemodule;
				SWIFT_OPTIMIZATION_LEVEL = "-O";
				VALIDATE_PRODUCT = YES;
			};
			name = Release;
		};
		D8B9471127C7939900C7D86B /* Debug */ = {
			isa = XCBuildConfiguration;
			buildSettings = {
				ASSETCATALOG_COMPILER_APPICON_NAME = AppIcon;
				ASSETCATALOG_COMPILER_GLOBAL_ACCENT_COLOR_NAME = AccentColor;
				CODE_SIGN_STYLE = Automatic;
				CURRENT_PROJECT_VERSION = 1;
				DEVELOPMENT_TEAM = RV92NSXQKZ;
				GENERATE_INFOPLIST_FILE = YES;
				INFOPLIST_FILE = NotesTestApp/App/Info.plist;
				INFOPLIST_KEY_UIApplicationSupportsIndirectInputEvents = YES;
				INFOPLIST_KEY_UILaunchStoryboardName = LaunchScreen;
				INFOPLIST_KEY_UISupportedInterfaceOrientations_iPad = "UIInterfaceOrientationPortrait UIInterfaceOrientationPortraitUpsideDown UIInterfaceOrientationLandscapeLeft UIInterfaceOrientationLandscapeRight";
				INFOPLIST_KEY_UISupportedInterfaceOrientations_iPhone = "UIInterfaceOrientationPortrait UIInterfaceOrientationLandscapeLeft UIInterfaceOrientationLandscapeRight";
				LD_RUNPATH_SEARCH_PATHS = (
					"$(inherited)",
					"@executable_path/Frameworks",
				);
				MARKETING_VERSION = 1.0;
				PRODUCT_BUNDLE_IDENTIFIER = ru.nechaev.NotesTestApp;
				PRODUCT_NAME = "$(TARGET_NAME)";
				SWIFT_EMIT_LOC_STRINGS = YES;
				SWIFT_VERSION = 5.0;
				TARGETED_DEVICE_FAMILY = 1;
			};
			name = Debug;
		};
		D8B9471227C7939900C7D86B /* Release */ = {
			isa = XCBuildConfiguration;
			buildSettings = {
				ASSETCATALOG_COMPILER_APPICON_NAME = AppIcon;
				ASSETCATALOG_COMPILER_GLOBAL_ACCENT_COLOR_NAME = AccentColor;
				CODE_SIGN_STYLE = Automatic;
				CURRENT_PROJECT_VERSION = 1;
				DEVELOPMENT_TEAM = RV92NSXQKZ;
				GENERATE_INFOPLIST_FILE = YES;
				INFOPLIST_FILE = NotesTestApp/App/Info.plist;
				INFOPLIST_KEY_UIApplicationSupportsIndirectInputEvents = YES;
				INFOPLIST_KEY_UILaunchStoryboardName = LaunchScreen;
				INFOPLIST_KEY_UISupportedInterfaceOrientations_iPad = "UIInterfaceOrientationPortrait UIInterfaceOrientationPortraitUpsideDown UIInterfaceOrientationLandscapeLeft UIInterfaceOrientationLandscapeRight";
				INFOPLIST_KEY_UISupportedInterfaceOrientations_iPhone = "UIInterfaceOrientationPortrait UIInterfaceOrientationLandscapeLeft UIInterfaceOrientationLandscapeRight";
				LD_RUNPATH_SEARCH_PATHS = (
					"$(inherited)",
					"@executable_path/Frameworks",
				);
				MARKETING_VERSION = 1.0;
				PRODUCT_BUNDLE_IDENTIFIER = ru.nechaev.NotesTestApp;
				PRODUCT_NAME = "$(TARGET_NAME)";
				SWIFT_EMIT_LOC_STRINGS = YES;
				SWIFT_VERSION = 5.0;
				TARGETED_DEVICE_FAMILY = 1;
			};
			name = Release;
		};
/* End XCBuildConfiguration section */

/* Begin XCConfigurationList section */
		D8B946F427C7939800C7D86B /* Build configuration list for PBXProject "NotesTestApp" */ = {
			isa = XCConfigurationList;
			buildConfigurations = (
				D8B9470E27C7939900C7D86B /* Debug */,
				D8B9470F27C7939900C7D86B /* Release */,
			);
			defaultConfigurationIsVisible = 0;
			defaultConfigurationName = Release;
		};
		D8B9471027C7939900C7D86B /* Build configuration list for PBXNativeTarget "NotesTestApp" */ = {
			isa = XCConfigurationList;
			buildConfigurations = (
				D8B9471127C7939900C7D86B /* Debug */,
				D8B9471227C7939900C7D86B /* Release */,
			);
			defaultConfigurationIsVisible = 0;
			defaultConfigurationName = Release;
		};
/* End XCConfigurationList section */

/* Begin XCVersionGroup section */
		D8B9470527C7939800C7D86B /* NotesTestApp.xcdatamodeld */ = {
			isa = XCVersionGroup;
			children = (
				D8B9470627C7939800C7D86B /* NotesTestApp.xcdatamodel */,
			);
			currentVersion = D8B9470627C7939800C7D86B /* NotesTestApp.xcdatamodel */;
			path = NotesTestApp.xcdatamodeld;
			sourceTree = "<group>";
			versionGroupType = wrapper.xcdatamodel;
		};
/* End XCVersionGroup section */
	};
	rootObject = D8B946F127C7939800C7D86B /* Project object */;
}
